lockfileVersion: 5.4

specifiers:
  '@types/commander': ^2.12.2
  '@types/figlet': ^1.5.6
  '@types/node': ^20.3.1
  commander: ^11.0.0
  figlet: ^1.6.0

dependencies:
  commander: registry.npmmirror.com/commander/11.0.0
  figlet: registry.npmmirror.com/figlet/1.6.0

devDependencies:
  '@types/commander': registry.npmmirror.com/@types/commander/2.12.2
  '@types/figlet': registry.npmmirror.com/@types/figlet/1.5.6
  '@types/node': registry.npmmirror.com/@types/node/20.3.1

packages:

  registry.npmmirror.com/@types/commander/2.12.2:
    resolution: {integrity: sha512-0QEFiR8ljcHp9bAbWxecjVRuAMr16ivPiGOw6KFQBVrVd0RQIcM3xKdRisH2EDWgVWujiYtHwhSkSUoAAGzH7Q==, registry: https://registry.npm.taobao.org/, tarball: https://registry.npmmirror.com/@types/commander/-/commander-2.12.2.tgz}
    name: '@types/commander'
    version: 2.12.2
    deprecated: This is a stub types definition for commander (https://github.com/tj/commander.js). commander provides its own type definitions, so you don't need @types/commander installed!
    dependencies:
      commander: registry.npmmirror.com/commander/11.0.0
    dev: true

  registry.npmmirror.com/@types/figlet/1.5.6:
    resolution: {integrity: sha512-AOdn9cKJGXpqfHeif16xeGMwWefB4nsOyxkdRMpc+PEP3nUxzu3psJfIqhjrCNW4Sejt5i6rISWmEwK0sw03mA==, registry: https://registry.npm.taobao.org/, tarball: https://registry.npmmirror.com/@types/figlet/-/figlet-1.5.6.tgz}
    name: '@types/figlet'
    version: 1.5.6
    dev: true

  registry.npmmirror.com/@types/node/20.3.1:
    resolution: {integrity: sha512-EhcH/wvidPy1WeML3TtYFGR83UzjxeWRen9V402T8aUGYsCHOmfoisV3ZSg03gAFIbLq8TnWOJ0f4cALtnSEUg==, registry: https://registry.npm.taobao.org/, tarball: https://registry.npmmirror.com/@types/node/-/node-20.3.1.tgz}
    name: '@types/node'
    version: 20.3.1
    dev: true

  registry.npmmirror.com/commander/11.0.0:
    resolution: {integrity: sha512-9HMlXtt/BNoYr8ooyjjNRdIilOTkVJXB+GhxMTtOKwk0R4j4lS4NpjuqmRxroBfnfTSHQIHQB7wryHhXarNjmQ==, registry: https://registry.npm.taobao.org/, tarball: https://registry.npmmirror.com/commander/-/commander-11.0.0.tgz}
    name: commander
    version: 11.0.0
    engines: {node: '>=16'}

  registry.npmmirror.com/figlet/1.6.0:
    resolution: {integrity: sha512-31EQGhCEITv6+hi2ORRPyn3bulaV9Fl4xOdR169cBzH/n1UqcxsiSB/noo6SJdD7Kfb1Ljit+IgR1USvF/XbdA==, registry: https://registry.npm.taobao.org/, tarball: https://registry.npmmirror.com/figlet/-/figlet-1.6.0.tgz}
    name: figlet
    version: 1.6.0
    engines: {node: '>= 0.4.0'}
    hasBin: true
    dev: false
